// !$*UTF8*$!
{
	archiveVersion = 1;
	classes = {
	};
	objectVersion = 46;
	objects = {

/* Begin PBXBuildFile section */
		995A97191E6E947B0093022B /* AppDelegate.m in Sources */ = {isa = PBXBuildFile; fileRef = 995A97181E6E947B0093022B /* AppDelegate.m */; };
		995A971C1E6E947B0093022B /* main.m in Sources */ = {isa = PBXBuildFile; fileRef = 995A971B1E6E947B0093022B /* main.m */; };
		995A971E1E6E947B0093022B /* Assets.xcassets in Resources */ = {isa = PBXBuildFile; fileRef = 995A971D1E6E947B0093022B /* Assets.xcassets */; };
		995A97211E6E947B0093022B /* MainMenu.xib in Resources */ = {isa = PBXBuildFile; fileRef = 995A971F1E6E947B0093022B /* MainMenu.xib */; };
/* End PBXBuildFile section */

/* Begin PBXFileReference section */
		995A97141E6E947B0093022B /* LOpenPanelAccessoryView.app */ = {isa = PBXFileReference; explicitFileType = wrapper.application; includeInIndex = 0; path = LOpenPanelAccessoryView.app; sourceTree = BUILT_PRODUCTS_DIR; };
		995A97171E6E947B0093022B /* AppDelegate.h */ = {isa = PBXFileReference; lastKnownFileType = sourcecode.c.h; path = AppDelegate.h; sourceTree = "<group>"; };
		995A97181E6E947B0093022B /* AppDelegate.m */ = {isa = PBXFileReference; lastKnownFileType = sourcecode.c.objc; path = AppDelegate.m; sourceTree = "<group>"; };
		995A971B1E6E947B0093022B /* main.m */ = {isa = PBXFileReference; lastKnownFileType = sourcecode.c.objc; path = main.m; sourceTree = "<group>"; };
		995A971D1E6E947B0093022B /* Assets.xcassets */ = {isa = PBXFileReference; lastKnownFileType = folder.assetcatalog; path = Assets.xcassets; sourceTree = "<group>"; };
		995A97201E6E947B0093022B /* Base */ = {isa = PBXFileReference; lastKnownFileType = file.xib; name = Base; path = Base.lproj/MainMenu.xib; sourceTree = "<group>"; };
		995A97221E6E947B0093022B /* Info.plist */ = {isa = PBXFileReference; lastKnownFileType = text.plist.xml; path = Info.plist; sourceTree = "<group>"; };
/* End PBXFileReference section */

/* Begin PBXFrameworksBuildPhase section */
		995A97111E6E947B0093022B /* Frameworks */ = {
			isa = PBXFrameworksBuildPhase;
			buildActionMask = 2147483647;
			files = (
			);
			runOnlyForDeploymentPostprocessing = 0;
		};
/* End PBXFrameworksBuildPhase section */

/* Begin PBXGroup section */
		995A970B1E6E947B0093022B = {
			isa = PBXGroup;
			children = (
				995A97161E6E947B0093022B /* LOpenPanelAccessoryView */,
				995A97151E6E947B0093022B /* Products */,
			);
			sourceTree = "<group>";
		};
		995A97151E6E947B0093022B /* Products */ = {
			isa = PBXGroup;
			children = (
				995A97141E6E947B0093022B /* LOpenPanelAccessoryView.app */,
			);
			name = Products;
			sourceTree = "<group>";
		};
		995A97161E6E947B0093022B /* LOpenPanelAccessoryView */ = {
			isa = PBXGroup;
			children = (
				995A97171E6E947B0093022B /* AppDelegate.h */,
				995A97181E6E947B0093022B /* AppDelegate.m */,
				995A971D1E6E947B0093022B /* Assets.xcassets */,
				995A971F1E6E947B0093022B /* MainMenu.xib */,
				995A97221E6E947B0093022B /* Info.plist */,
				995A971A1E6E947B0093022B /* Supporting Files */,
			);
			path = LOpenPanelAccessoryView;
			sourceTree = "<group>";
		};
		995A971A1E6E947B0093022B /* Supporting Files */ = {
			isa = PBXGroup;
			children = (
				995A971B1E6E947B0093022B /* main.m */,
			);
			name = "Supporting Files";
			sourceTree = "<group>";
		};
/* End PBXGroup section */

/* Begin PBXNativeTarget section */
		995A97131E6E947B0093022B /* LOpenPanelAccessoryView */ = {
			isa = PBXNativeTarget;
			buildConfigurationList = 995A97251E6E947B0093022B /* Build configuration list for PBXNativeTarget "LOpenPanelAccessoryView" */;
			buildPhases = (
				995A97101E6E947B0093022B /* Sources */,
				995A97111E6E947B0093022B /* Frameworks */,
				995A97121E6E947B0093022B /* Resources */,
			);
			buildRules = (
			);
			dependencies = (
			);
			name = LOpenPanelAccessoryView;
			productName = LOpenPanelAccessoryView;
			productReference = 995A97141E6E947B0093022B /* LOpenPanelAccessoryView.app */;
			productType = "com.apple.product-type.application";
		};
/* End PBXNativeTarget section */

/* Begin PBXProject section */
		995A970C1E6E947B0093022B /* Project object */ = {
			isa = PBXProject;
			attributes = {
				LastUpgradeCheck = 0820;
				ORGANIZATIONNAME = Digiarty;
				TargetAttributes = {
					995A97131E6E947B0093022B = {
						CreatedOnToolsVersion = 8.2.1;
						ProvisioningStyle = Automatic;
					};
				};
			};
			buildConfigurationList = 995A970F1E6E947B0093022B /* Build configuration list for PBXProject "LOpenPanelAccessoryView" */;
			compatibilityVersion = "Xcode 3.2";
			developmentRegion = English;
			hasScannedForEncodings = 0;
			knownRegions = (
				en,
				Base,
			);
			mainGroup = 995A970B1E6E947B0093022B;
			productRefGroup = 995A97151E6E947B0093022B /* Products */;
			projectDirPath = "";
			projectRoot = "";
			targets = (
				995A97131E6E947B0093022B /* LOpenPanelAccessoryView */,
			);
		};
/* End PBXProject section */

/* Begin PBXResourcesBuildPhase section */
		995A97121E6E947B0093022B /* Resources */ = {
			isa = PBXResourcesBuildPhase;
			buildActionMask = 2147483647;
			files = (
				995A971E1E6E947B0093022B /* Assets.xcassets in Resources */,
				995A97211E6E947B0093022B /* MainMenu.xib in Resources */,
			);
			runOnlyForDeploymentPostprocessing = 0;
		};
/* End PBXResourcesBuildPhase section */

/* Begin PBXSourcesBuildPhase section */
		995A97101E6E947B0093022B /* Sources */ = {
			isa = PBXSourcesBuildPhase;
			buildActionMask = 2147483647;
			files = (
				995A971C1E6E947B0093022B /* main.m in Sources */,
				995A97191E6E947B0093022B /* AppDelegate.m in Sources */,
			);
			runOnlyForDeploymentPostprocessing = 0;
		};
/* End PBXSourcesBuildPhase section */

/* Begin PBXVariantGroup section */
		995A971F1E6E947B0093022B /* MainMenu.xib */ = {
			isa = PBXVariantGroup;
			children = (
				995A97201E6E947B0093022B /* Base */,
			);
			name = MainMenu.xib;
			sourceTree = "<group>";
		};
/* End PBXVariantGroup section */

/* Begin XCBuildConfiguration section */
		995A97231E6E947B0093022B /* Debug */ = {
			isa = XCBuildConfiguration;
			buildSettings = {
				ALWAYS_SEARCH_USER_PATHS = NO;
				CLANG_ANALYZER_NONNULL = YES;
				CLANG_CXX_LANGUAGE_STANDARD = "gnu++0x";
				CLANG_CXX_LIBRARY = "libc++";
				CLANG_ENABLE_MODULES = YES;
				CLANG_ENABLE_OBJC_ARC = YES;
				CLANG_WARN_BOOL_CONVERSION = YES;
				CLANG_WARN_CONSTANT_CONVERSION = YES;
				CLANG_WARN_DIRECT_OBJC_ISA_USAGE = YES_ERROR;
				CLANG_WARN_DOCUMENTATION_COMMENTS = YES;
				CLANG_WARN_EMPTY_BODY = YES;
				CLANG_WARN_ENUM_CONVERSION = YES;
				CLANG_WARN_INFINITE_RECURSION = YES;
				CLANG_WARN_INT_CONVERSION = YES;
				CLANG_WARN_OBJC_ROOT_CLASS = YES_ERROR;
				CLANG_WARN_SUSPICIOUS_MOVE = YES;
				CLANG_WARN_UNREACHABLE_CODE = YES;
				CLANG_WARN__DUPLICATE_METHOD_MATCH = YES;
				CODE_SIGN_IDENTITY = "-";
				COPY_PHASE_STRIP = NO;
				DEBUG_INFORMATION_FORMAT = dwarf;
				ENABLE_STRICT_OBJC_MSGSEND = YES;
				ENABLE_TESTABILITY = YES;
				GCC_C_LANGUAGE_STANDARD = gnu99;
				GCC_DYNAMIC_NO_PIC = NO;
				GCC_NO_COMMON_BLOCKS = YES;
				GCC_OPTIMIZATION_LEVEL = 0;
				GCC_PREPROCESSOR_DEFINITIONS = (
					"DEBUG=1",
					"$(inherited)",
				);
				GCC_WARN_64_TO_32_BIT_CONVERSION = YES;
				GCC_WARN_ABOUT_RETURN_TYPE = YES_ERROR;
				GCC_WARN_UNDECLARED_SELECTOR = YES;
				GCC_WARN_UNINITIALIZED_AUTOS = YES_AGGRESSIVE;
				GCC_WARN_UNUSED_FUNCTION = YES;
				GCC_WARN_UNUSED_VARIABLE = YES;
				MACOSX_DEPLOYMENT_TARGET = 10.12;
				MTL_ENABLE_DEBUG_INFO = YES;
				ONLY_ACTIVE_ARCH = YES;
				SDKROOT = macosx;
			};
			name = Debug;
		};
		995A97241E6E947B0093022B /* Release */ = {
			isa = XCBuildConfiguration;
			buildSettings = {
				ALWAYS_SEARCH_USER_PATHS = NO;
				CLANG_ANALYZER_NONNULL = YES;
				CLANG_CXX_LANGUAGE_STANDARD = "gnu++0x";
				CLANG_CXX_LIBRARY = "libc++";
				CLANG_ENABLE_MODULES = YES;
				CLANG_ENABLE_OBJC_ARC = YES;
				CLANG_WARN_BOOL_CONVERSION = YES;
				CLANG_WARN_CONSTANT_CONVERSION = YES;
				CLANG_WARN_DIRECT_OBJC_ISA_USAGE = YES_ERROR;
				CLANG_WARN_DOCUMENTATION_COMMENTS = YES;
				CLANG_WARN_EMPTY_BODY = YES;
				CLANG_WARN_ENUM_CONVERSION = YES;
				CLANG_WARN_INFINITE_RECURSION = YES;
				CLANG_WARN_INT_CONVERSION = YES;
				CLANG_WARN_OBJC_ROOT_CLASS = YES_ERROR;
				CLANG_WARN_SUSPICIOUS_MOVE = YES;
				CLANG_WARN_UNREACHABLE_CODE = YES;
				CLANG_WARN__DUPLICATE_METHOD_MATCH = YES;
				CODE_SIGN_IDENTITY = "-";
				COPY_PHASE_STRIP = NO;
				DEBUG_INFORMATION_FORMAT = "dwarf-with-dsym";
				ENABLE_NS_ASSERTIONS = NO;
				ENABLE_STRICT_OBJC_MSGSEND = YES;
				GCC_C_LANGUAGE_STANDARD = gnu99;
				GCC_NO_COMMON_BLOCKS = YES;
				GCC_WARN_64_TO_32_BIT_CONVERSION = YES;
				GCC_WARN_ABOUT_RETURN_TYPE = YES_ERROR;
				GCC_WARN_UNDECLARED_SELECTOR = YES;
				GCC_WARN_UNINITIALIZED_AUTOS = YES_AGGRESSIVE;
				GCC_WARN_UNUSED_FUNCTION = YES;
				GCC_WARN_UNUSED_VARIABLE = YES;
				MACOSX_DEPLOYMENT_TARGET = 10.12;
				MTL_ENABLE_DEBUG_INFO = NO;
				SDKROOT = macosx;
			};
			name = Release;
		};
		995A97261E6E947B0093022B /* Debug */ = {
			isa = XCBuildConfiguration;
			buildSettings = {
				ASSETCATALOG_COMPILER_APPICON_NAME = AppIcon;
				COMBINE_HIDPI_IMAGES = YES;
				INFOPLIST_FILE = LOpenPanelAccessoryView/Info.plist;
				LD_RUNPATH_SEARCH_PATHS = "$(inherited) @executable_path/../Frameworks";
				PRODUCT_BUNDLE_IDENTIFIER = com.Digiarty.LOpenPanelAccessoryView;
				PRODUCT_NAME = "$(TARGET_NAME)";
			};
			name = Debug;
		};
		995A97271E6E947B0093022B /* Release */ = {
			isa = XCBuildConfiguration;
			buildSettings = {
				ASSETCATALOG_COMPILER_APPICON_NAME = AppIcon;
				COMBINE_HIDPI_IMAGES = YES;
				INFOPLIST_FILE = LOpenPanelAccessoryView/Info.plist;
				LD_RUNPATH_SEARCH_PATHS = "$(inherited) @executable_path/../Frameworks";
				PRODUCT_BUNDLE_IDENTIFIER = com.Digiarty.LOpenPanelAccessoryView;
				PRODUCT_NAME = "$(TARGET_NAME)";
			};
			name = Release;
		};
/* End XCBuildConfiguration section */

/* Begin XCConfigurationList section */
		995A970F1E6E947B0093022B /* Build configuration list for PBXProject "LOpenPanelAccessoryView" */ = {
			isa = XCConfigurationList;
			buildConfigurations = (
				995A97231E6E947B0093022B /* Debug */,
				995A97241E6E947B0093022B /* Release */,
			);
			defaultConfigurationIsVisible = 0;
			defaultConfigurationName = Release;
		};
		995A97251E6E947B0093022B /* Build configuration list for PBXNativeTarget "LOpenPanelAccessoryView" */ = {
			isa = XCConfigurationList;
			buildConfigurations = (
				995A97261E6E947B0093022B /* Debug */,
				995A97271E6E947B0093022B /* Release */,
			);
			defaultConfigurationIsVisible = 0;
		};
/* End XCConfigurationList section */
	};
	rootObject = 995A970C1E6E947B0093022B /* Project object */;
}
